dependencies:
- name: product
  repository: file://../product
  version: 0.0.1
- name: order
  repository: file://../order
  version: 0.0.1
- name: notification
  repository: file://../notification
  version: 0.0.1
- name: user
  repository: file://../user
  version: 0.0.1
digest: sha256:10e1876e97d5fa13b430275b0911dd7c5c07cd15cf4afbf7b2a37ec399735d45
generated: "2025-08-11T14:04:24.739493747+02:00"
