dependencies:
- name: product
  repository: file://../product
  version: 0.0.1
- name: order
  repository: file://../order
  version: 0.0.1
- name: notification
  repository: file://../notification
  version: 0.0.1
- name: user
  repository: file://../user
  version: 0.0.1
- name: gateway
  repository: file://../gateway
  version: 0.0.1
digest: sha256:7a8792101e92ae93e1e8b664ebf4cfe25fd2c662c420d32ec7b1d84ab24970dd
generated: "2025-08-12T23:01:26.357846961+02:00"
