dependencies:
- name: platform-database
  repository: file://../platform-database
  version: 0.0.1
- name: db-migrations
  repository: file://../db-migrations
  version: 0.0.1
- name: keycloak
  repository: file://../keycloak
  version: 0.0.1
digest: sha256:d287329030f650b8272e1e4c63cb673336c3bb8b47e68ca3e1dbabe9c8c2da28
generated: "2025-08-03T22:29:17.679706279+02:00"
