dependencies:
- name: platform-database
  repository: file://../platform-database
  version: 0.0.1
- name: db-migrations
  repository: file://../db-migrations
  version: 0.0.1
digest: sha256:014bb2c1c57086022015be844df631a54bb8017304d8b517df2dcba555667ff0
generated: "2025-08-03T00:35:33.242689021+02:00"
