dependencies:
- name: platform-database
  repository: file://../platform-database
  version: 0.0.1
- name: db-migrations
  repository: file://../db-migrations
  version: 0.0.1
- name: keycloak
  repository: file://../keycloak
  version: 0.0.1
- name: nats
  repository: file://../nats
  version: 0.0.1
digest: sha256:c585850b6fae7f26779952a7563bb1d09c773aabcfc193171277c8e46d2affcd
generated: "2025-08-05T14:36:38.394005322+02:00"
